{
  "version": 4,
  "terraform_version": "1.8.5",
  "serial": 1,
  "lineage": "0fcabd4f-42a7-0a14-c4ff-ec8b513c2e87",
  "outputs": {},
  "resources": [
    {
      "mode": "managed",
      "type": "local_file",
      "name": "amar",
      "provider": "provider[\"registry.terraform.io/hashicorp/local\"]",
      "instances": [
        {
          "schema_version": 0,
          "attributes": {
            "content": "Hi This is Amar",
            "content_base64": null,
            "content_base64sha256": "vK7Od/eh28FdHJXMpy4S3lchE+J9jzyD0iaRwyAOi80=",
            "content_base64sha512": "Q/US4gaJZg1O8r8Mte9WCVFqXcpKbfzxbg0u4hMZIVSq5B2jfKQTSNy0UcPRFQPb0vuxz6iq96MwGT5/+6f3Zg==",
            "content_md5": "d857ff6d6ce5c83588e631c05dba3160",
            "content_sha1": "050090ccd591f4e2b0a78fb4829e1634e631acd6",
            "content_sha256": "bcaece77f7a1dbc15d1c95cca72e12de572113e27d8f3c83d22691c3200e8bcd",
            "content_sha512": "43f512e20689660d4ef2bf0cb5ef5609516a5dca4a6dfcf16e0d2ee213192154aae41da37ca41348dcb451c3d11503dbd2fbb1cfa8aaf7a330193e7ffba7f766",
            "directory_permission": "0777",
            "file_permission": "0777",
            "filename": "./amar.txt",
            "id": "050090ccd591f4e2b0a78fb4829e1634e631acd6",
            "sensitive_content": null,
            "source": null
          },
          "sensitive_attributes": [
            [
              {
                "type": "get_attr",
                "value": "sensitive_content"
              }
            ]
          ]
        }
      ]
    }
  ],
  "check_results": null
}
